lockfileVersion: '9.0'

settings:
  autoInstallPeers: true
  excludeLinksFromLockfile: false

importers:

  .:
    dependencies:
      '@tiptap/core':
        specifier: 3.30.2
        version: 3.30.2(@tiptap/pm@3.30.2)
      '@tiptap/pm':
        specifier: 3.30.2
        version: 3.30.2
      '@tiptap/starter-kit':
        specifier: 3.30.2
        version: 3.30.2
      '@tiptap/suggestion':
        specifier: 3.30.2
        version: 3.30.2(@floating-ui/dom@1.8.0)(@tiptap/core@3.30.2(@tiptap/pm@3.30.2))(@tiptap/pm@3.30.2)
      '@wailsio/runtime':
        specifier: 3.0.0-beta.9
        version: 3.0.0-beta.9
    devDependencies:
      '@sveltejs/vite-plugin-svelte':
        specifier: 7.3.0
        version: 7.3.0(svelte@5.56.10)(vite@8.2.2(@types/node@24.13.3))
      '@tsconfig/svelte':
        specifier: 5.0.8
        version: 5.0.8
      '@types/node':
        specifier: 24.13.3
        version: 24.13.3
      svelte:
        specifier: 5.56.10
        version: 5.56.10
      svelte-check:
        specifier: 4.7.6
        version: 4.7.6(picomatch@4.0.5)(svelte@5.56.10)(typescript@6.0.3)
      tslib:
        specifier: 2.8.1
        version: 2.8.1
      typescript:
        specifier: 6.0.3
        version: 6.0.3
      vite:
        specifier: 8.2.2
        version: 8.2.2(@types/node@24.13.3)

packages:

  '@floating-ui/core@1.8.0':
    resolution: {integrity: sha512-0CIZ5itps/8x7BG8dEIhs53BvCUH2PCoogtakwRTut+Arm58sJooJ0AuZhLw2HJYIR5cMLNPBSS728sPho2khQ==}

  '@floating-ui/dom@1.8.0':
    resolution: {integrity: sha512-yXSrzeHZBTZadLOlfyhCkJHNeLJnHRnRInwdZ40L7ZiaAtrBwoYlsDrX3v5zB1Utk7CLfzcOVnVVWoXEky7Ceg==}

  '@floating-ui/utils@0.2.12':
    resolution: {integrity: sha512-HpCo8tmWzLVad5s2d19EhAz5zqrrQ6s69qd6moPMQvkOuSwDT1YgRfWSVuc4ennqrgv3OHppiOGMQ7oC13yIww==}

  '@jridgewell/gen-mapping@0.3.13':
    resolution: {integrity: sha512-2kkt/7niJ6MgEPxF0bYdQ6etZaA+fQvDcLKckhy1yIQOzaoKjBBjSj63/aLVjYE3qhRt5dvM+uUyfCg6UKCBbA==}

  '@jridgewell/remapping@2.3.5':
    resolution: {integrity: sha512-LI9u/+laYG4Ds1TDKSJW2YPrIlcVYOwi2fUC6xB43lueCjgxV4lffOCZCtYFiH6TNOX+tQKXx97T4IKHbhyHEQ==}

  '@jridgewell/resolve-uri@3.1.2':
    resolution: {integrity: sha512-bRISgCIjP20/tbWSPWMEi54QVPRZExkuD9lJL+UIxUKtwVJA8wW1Trb1jMs1RFXo1CBTNZ/5hpC9QvmKWdopKw==}
    engines: {node: '>=6.0.0'}

  '@jridgewell/sourcemap-codec@1.5.5':
    resolution: {integrity: sha512-cYQ9310grqxueWbl+WuIUIaiUaDcj7WOq5fVhEljNVgRfOUhY9fy2zTvfoqWsnebh8Sl70VScFbICvJnLKB0Og==}

  '@jridgewell/trace-mapping@0.3.31':
    resolution: {integrity: sha512-zzNR+SdQSDJzc8joaeP8QQoCQr8NuYx2dIIytl1QeBEZHJ9uW6hebsrYgbz8hJwUQao3TWCMtmfV8Nu1twOLAw==}

  '@oxc-project/types@0.146.0':
    resolution: {integrity: sha512-XC0QsnnhVe7sLIWmYmdPw7x5P0h4W8vUU3Nv1ySgWXtvCz8NizoAEpGXA0sOYoJQV2Rl13LgURAHQ5cI5ILCSA==}

  '@rolldown/binding-android-arm-eabi@1.2.5':
    resolution: {integrity: sha512-DLe/i+l8ynIBY7XEQ191TeZvCoowIGa18R+dIV30GW7DiOtp74i/xX8hs8GUjW5ARV7VZuie3d6AumSmCwbeRA==}
    engines: {node: ^20.19.0 || >=22.12.0}
    cpu: [arm]
    os: [android]

  '@rolldown/binding-android-arm64@1.2.5':
    resolution: {integrity: sha512-zXcwKlQApYAOELHd8PwKDFkagYF9Wy4e0RJ+0qnzl9Pjnpj75TEG8ufv40p2J7kCEfwZAsNiuzRIyNNMWT38ig==}
    engines: {node: ^20.19.0 || >=22.12.0}
    cpu: [arm64]
    os: [android]

  '@rolldown/binding-darwin-arm64@1.2.5':
    resolution: {integrity: sha512-dK4QakI42nzWgJT5sm4y4y/O//D4OxM75/cH28RLV+nzIN9AY+YsbuUVrUTjlLjXR6vpyxFbSsbmNuJ6BP9sww==}
    engines: {node: ^20.19.0 || >=22.12.0}
    cpu: [arm64]
    os: [darwin]

  '@rolldown/binding-darwin-x64@1.2.5':
    resolution: {integrity: sha512-fqSALaUu1Wjd1nK2uW2kJDWdLCc8lx1IcY+MTY26Aurfdx19anlzhqXOgCFbBFQnlFDTn4TC1/7Nz4Bl2mLP3A==}
    engines: {node: ^20.19.0 || >=22.12.0}
    cpu: [x64]
    os: [darwin]

  '@rolldown/binding-freebsd-x64@1.2.5':
    resolution: {integrity: sha512-/vCnNxlkxs9tKxNDcyWUePpJ/PgTzxIaVhoM5SmG8UV+GR/IcPam4VYxi7GIMo7PSDuNqlJqvprqii9NqqVCMw==}
    engines: {node: ^20.19.0 || >=22.12.0}
    cpu: [x64]
    os: [freebsd]

  '@rolldown/binding-linux-arm-gnueabihf@1.2.5':
    resolution: {integrity: sha512-abk0NLA519LxRCszmbE0jYKuQ9YPocOXTiOXOo6Yr+YAT95VH+PtqYAjOJvGKt3viEd/x4qzabAlwd5bHOOARg==}
    engines: {node: ^20.19.0 || >=22.12.0}
    cpu: [arm]
    os: [linux]

  '@rolldown/binding-linux-arm64-gnu@1.2.5':
    resolution: {integrity: sha512-Y7eALiJ8lr0M2HH103Js+g7V34wf6snlpZLAsHI90uLhr3PVlNsbFVAXJC9d/V6BnPyKtpSwI+NcB/RLxsQxuA==}
    engines: {node: ^20.19.0 || >=22.12.0}
    cpu: [arm64]
    os: [linux]
    libc: [glibc]

  '@rolldown/binding-linux-arm64-musl@1.2.5':
    resolution: {integrity: sha512-xMvZgnbZg4YVnR/AX2b3oOPDTFYJvUVaJg5FedA/LuvexAtXibZQej4cnTkw3rjsJ/ggUROB64TdtETiim+FYA==}
    engines: {node: ^20.19.0 || >=22.12.0}
    cpu: [arm64]
    os: [linux]
    libc: [musl]

  '@rolldown/binding-linux-ppc64-gnu@1.2.5':
    resolution: {integrity: sha512-GRjeqTUDHTo5GwntsLaAMcBahG3nlpjftXWZLN73HiYQlhwEowvarFgQnRnQZtIp4keXX7quXFbG38uPZBa2EA==}
    engines: {node: ^20.19.0 || >=22.12.0}
    cpu: [ppc64]
    os: [linux]
    libc: [glibc]

  '@rolldown/binding-linux-s390x-gnu@1.2.5':
    resolution: {integrity: sha512-vLNTR45F2Uwc8AufkNXPmB4VliaXs+FvcheEogIzOXzO4l+LzieXF5A/TWxLy5HtqpsRCHUfd0lPVrrdgXdLHQ==}
    engines: {node: ^20.19.0 || >=22.12.0}
    cpu: [s390x]
    os: [linux]
    libc: [glibc]

  '@rolldown/binding-linux-x64-gnu@1.2.5':
    resolution: {integrity: sha512-Mgj59/HTuYeK9Gz2MA+mBWKnHsAgkBSec15ZMb1st3oIfFbX7gCjOae7GydHhzcyQi9Z/7M1QuN9bR3oFqF0jQ==}
    engines: {node: ^20.19.0 || >=22.12.0}
    cpu: [x64]
    os: [linux]
    libc: [glibc]

  '@rolldown/binding-linux-x64-musl@1.2.5':
    resolution: {integrity: sha512-mY8AP0/ichsbhAxGnLa3d3+MwV0EfgrPND2bplI3Ym8T6R2pJ0N87bvrKVwNXmdy3jnr6eQBecdqx/HMknBmpA==}
    engines: {node: ^20.19.0 || >=22.12.0}
    cpu: [x64]
    os: [linux]
    libc: [musl]

  '@rolldown/binding-openharmony-arm64@1.2.5':
    resolution: {integrity: sha512-8SLssA2oweAxyRgDp789ACfRb/3P+zNRJpzZxSizxF9m8NUDQ4+3xjo8ttjhVGGw6Qxb70oZiEtIjaKikCO7Yw==}
    engines: {node: ^20.19.0 || >=22.12.0}
    cpu: [arm64]
    os: [openharmony]

  '@rolldown/binding-win32-arm64-msvc@1.2.5':
    resolution: {integrity: sha512-vGbruD5zquhoc8D9SViXgN2FBJtNdTyQ4DtG+SWiEGlJiAzoKcZ2xp+xuXCffhubVdt0NJlTZqkeRuERy7g8Cw==}
    engines: {node: ^20.19.0 || >=22.12.0}
    cpu: [arm64]
    os: [win32]

  '@rolldown/binding-win32-x64-msvc@1.2.5':
    resolution: {integrity: sha512-e/SXpgISz+IoqVcSSI0rx/d/he8zqLex+/rCWpnHpmVfmPIUjag9H6P7zotf0gJHwPUhQxZ/mF8tr6acebT9yw==}
    engines: {node: ^20.19.0 || >=22.12.0}
    cpu: [x64]
    os: [win32]

  '@rolldown/pluginutils@1.0.1':
    resolution: {integrity: sha512-2j9bGt5Jh8hj+vPtgzPtl72j0yRxHAyumoo6TNfAjsLB04UtpSvPbPcDcBMxz7n+9CYB0c1GxQFxYRg2jimqGw==}

  '@sveltejs/acorn-typescript@1.0.13':
    resolution: {integrity: sha512-wgKggnhZVL9Bfx1OaKKTrYY9BFRk6C8UAkQNUcIv1+llzYrIqy+RZm5HPKzn0NpEBvTVhTqB4kQyllZywsRBRQ==}
    peerDependencies:
      acorn: ^8.9.0

  '@sveltejs/load-config@0.2.3':
    resolution: {integrity: sha512-VT3qmUb8pRV2QrZjd8iAmtg8lf4W0TIjZbvXtz5MKei/q96teWZgGJyyidJzOjzZzvdq616eSRVeMYIQChUTAQ==}
    engines: {node: '>= 18.0.0'}

  '@sveltejs/vite-plugin-svelte@7.3.0':
    resolution: {integrity: sha512-QbRoJyD92e9R0ufeQIWRHrCC0ObcqSv/aBDdrQMoU+sypav3cDx5wytdQ6GLdXjEMO6xjrXGzfkUygng8JMv0A==}
    engines: {node: ^20.19 || ^22.12 || >=24}
    peerDependencies:
      svelte: ^5.46.4
      vite: ^8.0.0-beta.7 || ^8.0.0

  '@tiptap/core@3.30.2':
    resolution: {integrity: sha512-QbZC/s1OOqcoUdkhIY16TjR/gCtR0qAk9e4bJwUqOJqZuv5ozqCL5hzWm22jjTPp6c6Ei2tPd6t30VwfIKW4lQ==}
    peerDependencies:
      '@tiptap/pm': 3.30.2

  '@tiptap/extension-blockquote@3.30.2':
    resolution: {integrity: sha512-BOkwhZenek7vzXBOgKppSrlx4YryBdAYu1p1MXKn0R9A9eNmE2HVhmm0gG49+E8BhsE/TG8wKVclwET42JJiIg==}
    peerDependencies:
      '@tiptap/core': 3.30.2
      '@tiptap/pm': 3.30.2

  '@tiptap/extension-bold@3.30.2':
    resolution: {integrity: sha512-MsvJhPgYejY2D9MhwYJv8AmscozvLBI8qtJ7YLdYZBWkMR4bgmxHq5+xqEfBsao9bOMMwBon9p3+P+/Tq5ReWA==}
    peerDependencies:
      '@tiptap/core': 3.30.2

  '@tiptap/extension-bullet-list@3.30.2':
    resolution: {integrity: sha512-+awIL/TUz4aB3rL68igU1rWfaaoBIAkPcakkktkRq8gYf0bd9eSb48P6kHkpx/3q+JyK7g9vsnltLNHNh6twnA==}
    peerDependencies:
      '@tiptap/extension-list': 3.30.2

  '@tiptap/extension-code-block@3.30.2':
    resolution: {integrity: sha512-9otGKaQZmePHrLXFtCtz+BYDn5z4sSumTkUqQIQHz0gVxwPoTi7g51RedwxvViTb/zu2XV5ROXYLHIxKxypMPg==}
    peerDependencies:
      '@tiptap/core': 3.30.2
      '@tiptap/pm': 3.30.2

  '@tiptap/extension-code@3.30.2':
    resolution: {integrity: sha512-r8EZk3R9yGpF6v5xxafAU1HwrD/e+RpbfnmVi2TeB/ZHAsVO62fW96E32G0t6IdaCtOFtAd85hkDAaOfCT4yGg==}
    peerDependencies:
      '@tiptap/core': 3.30.2

  '@tiptap/extension-document@3.30.2':
    resolution: {integrity: sha512-+xIv67V+/2L1uvz98FAT5W7kWEfHwfNV3MD7b4UsKPU0lhcCWuVOXy0JB8yYmdNExqpI7xT9g3MWzREoBvBQSg==}
    peerDependencies:
      '@tiptap/core': 3.30.2

  '@tiptap/extension-dropcursor@3.30.2':
    resolution: {integrity: sha512-nyRKUmItATnKI9AiRChmjhcBbCEsNxRu+AaCz+cx8EvnAcNHsVRdNYL5PmBs3WlNA/Et4Eb2DG0hVQDnNF61eg==}
    peerDependencies:
      '@tiptap/extensions': 3.30.2

  '@tiptap/extension-gapcursor@3.30.2':
    resolution: {integrity: sha512-7Xk0ut6FM+RAsvKxDN3bAtk7zvYZ6Aa8pawJ6s7dLAmLR9JwrZevlcL4FSrj4bR7rqKOj92RYCFxzgTEbWimag==}
    peerDependencies:
      '@tiptap/extensions': 3.30.2

  '@tiptap/extension-hard-break@3.30.2':
    resolution: {integrity: sha512-IxSNgmG3d4OZdUTeebrOI7SxdIWXXJqlcGiSNDabWqxipUitfy3mZ3gDDE6G01koKxZRbhz4KIplAZlpxnTFSg==}
    peerDependencies:
      '@tiptap/core': 3.30.2

  '@tiptap/extension-heading@3.30.2':
    resolution: {integrity: sha512-PblDvgSJ05p1t6hzyPi02xeiBjB0M2abReoGEImqSWCy79UqnAGacgsZo4EeEawtJV1NEP8chhvmX+nRtzdT1A==}
    peerDependencies:
      '@tiptap/core': 3.30.2

  '@tiptap/extension-horizontal-rule@3.30.2':
    resolution: {integrity: sha512-j8aswLTsuEdJKC62DF+kw0EgvIRL7QMUyAVp2fdjR0qgM0ZVlEwCC4qIEq3kK9tFVU4kRtQ5BSj/jn6QwrlbCA==}
    peerDependencies:
      '@tiptap/core': 3.30.2
      '@tiptap/pm': 3.30.2

  '@tiptap/extension-italic@3.30.2':
    resolution: {integrity: sha512-pp8uaiuXsUbLm5rYzR1jlWbwm1mAahRajdHwAKBtthFRB2rDvC7ZWhKaCSoKhZvfIDRmu9/B67+uAHoutL0dCA==}
    peerDependencies:
      '@tiptap/core': 3.30.2

  '@tiptap/extension-link@3.30.2':
    resolution: {integrity: sha512-jwdcymKcrbFpj5hRAuGVLCq8FieVkGFnENyroYmvkad+XAt8ZLy/MTFYRN6SK3ukH6PZMY7H4iObGtciQaC5nw==}
    peerDependencies:
      '@tiptap/core': 3.30.2
      '@tiptap/pm': 3.30.2

  '@tiptap/extension-list-item@3.30.2':
    resolution: {integrity: sha512-HWgRCRlGxulE+hN1VUcnWD6P2NE08VBgGtcaxOfdXVqaI93BCK6AhRQZGpLsfKgajLk+5DXTBraaitwnBqzCxg==}
    peerDependencies:
      '@tiptap/extension-list': 3.30.2

  '@tiptap/extension-list-keymap@3.30.2':
    resolution: {integrity: sha512-TTve3WOlQaYu1ahMqsQ/T0wzaxfgZvcOl3/OuPyInOi8QtxXhqGhFjmYe5jOr56G9W2QDuFWVsZecVwfDte9zg==}
    peerDependencies:
      '@tiptap/extension-list': 3.30.2

  '@tiptap/extension-list@3.30.2':
    resolution: {integrity: sha512-MIUpo1Bd9Rf1Qg+TNYNwDZ4xsfFeQahjU9Xhy6UcaszKQzbAM7KCzn5BObNytK1NdcqNHsC8Wj5vFvMKEzrXdw==}
    peerDependencies:
      '@tiptap/core': 3.30.2
      '@tiptap/pm': 3.30.2

  '@tiptap/extension-ordered-list@3.30.2':
    resolution: {integrity: sha512-Z7OO1HcF0idda1n6vodXeQ3h2ylN9JR4IfIGUYkar5Xl9JusK8PDETTBQZQn//96p49I2d+GoWsD2LXPtjHXXg==}
    peerDependencies:
      '@tiptap/extension-list': 3.30.2

  '@tiptap/extension-paragraph@3.30.2':
    resolution: {integrity: sha512-ulEu3LNt+kPVAWEnrhoz13Fs8Q/v/8NUxQbAeteuBchQ8joxJXuWExhpy1fUfZir5+b+W5z7/NesgPjZQfv47w==}
    peerDependencies:
      '@tiptap/core': 3.30.2

  '@tiptap/extension-strike@3.30.2':
    resolution: {integrity: sha512-fBLxMXz6hYIURzLOD+/L6aVATztsKham00ANWmGi13vN0hx2lQMYZffN+gR+QqiCDfMQxBXzrf5a7tJuDiQHLQ==}
    peerDependencies:
      '@tiptap/core': 3.30.2

  '@tiptap/extension-text@3.30.2':
    resolution: {integrity: sha512-n/iZnirgRmXet6f97kolAnP3j8DsgLSiTbz/KLWc8eBYiFmkjRzkuisOm5xuGdfGIxwpB4x3tlSF4ef4DLnbRg==}
    peerDependencies:
      '@tiptap/core': 3.30.2

  '@tiptap/extension-underline@3.30.2':
    resolution: {integrity: sha512-SZiTMnvqXcnrtJX+X25ZbYsuDO83haGOVMBD/O+mAWYNYXhaSc5Rkph5czzItxrd+Yyp/vs4PiwD7XTNbfqmpA==}
    peerDependencies:
      '@tiptap/core': 3.30.2

  '@tiptap/extensions@3.30.2':
    resolution: {integrity: sha512-2LqAHXk26QDsryW+beECxYeBzv5Ylk4GuB3cOmfghS7/G37R2W+Te3TkUK7BT0EWoDryvBT57/5q0DEFIhfZZg==}
    peerDependencies:
      '@tiptap/core': 3.30.2
      '@tiptap/pm': 3.30.2

  '@tiptap/pm@3.30.2':
    resolution: {integrity: sha512-BJN8tUx4ppFN3R3cV/FJfrJbJkvo1lj4uciq+nwpjwzdRvFzqIuglWf+HLcJ6CwlYpLOHp7ArgkBg4Q5e60Gog==}

  '@tiptap/starter-kit@3.30.2':
    resolution: {integrity: sha512-fJSrhW1CyD4sjYA20evSP4Cp13B/HhbxCdM974K0xpHOVqvCtNU9w2s9hfq9mg2yGoU7MSNHKNYMkJjIi2/Xyw==}

  '@tiptap/suggestion@3.30.2':
    resolution: {integrity: sha512-qsQv+rlh5ik9G1n+SGLak69JoLQAFwdtQRjGpABYxx5USc14J7hrR1K8sj9tnWymX1fKXfJOlz+Dimcb1kDhWA==}
    peerDependencies:
      '@floating-ui/dom': ^1.0.0
      '@tiptap/core': 3.30.2
      '@tiptap/pm': 3.30.2

  '@tsconfig/svelte@5.0.8':
    resolution: {integrity: sha512-UkNnw1/oFEfecR8ypyHIQuWYdkPvHiwcQ78sh+ymIiYoF+uc5H1UBetbjyqT+vgGJ3qQN6nhucJviX6HesWtKQ==}

  '@types/estree@1.0.9':
    resolution: {integrity: sha512-GhdPgy1el4/ImP05X05Uw4cw2/M93BCUmnEvWZNStlCzEKME4Fkk+YpoA5OiHNQmoS7Cafb8Xa3Pya8m1Qrzeg==}

  '@types/node@24.13.3':
    resolution: {integrity: sha512-Dh8vAsV36ig5wa9OX4pXvMc9D3Veibfw2wix0CUwYODLD8nkj9UsLjASr49nPg+2eKzxhBV+v7L8pXvT4e639Q==}

  '@types/trusted-types@2.0.7':
    resolution: {integrity: sha512-ScaPdn1dQczgbl0QFTeTOmVHFULt394XJgOQNoyVhZ6r2vLnMLJfBPd53SB52T/3G36VI1/g2MZaX0cwDuXsfw==}

  '@wailsio/runtime@3.0.0-beta.9':
    resolution: {integrity: sha512-nsC4bwte9wNSxEFvjB5BslF/sfCZXQKrw2VlmAxQoSu77Lu5z292SeNmOKk0gcHd1r36LubSaNBDCEsJQLddYA==}

  acorn@8.18.0:
    resolution: {integrity: sha512-lGq+9yr1/GuAWaVYIHRjvvySG5/4VfKIvC8EWxStPdcDh/Ka7FG3twP6v4d5BkravUilhIAsG4Qj83t02LWUPQ==}
    engines: {node: '>=0.4.0'}
    hasBin: true

  aria-query@5.3.1:
    resolution: {integrity: sha512-Z/ZeOgVl7bcSYZ/u/rh0fOpvEpq//LZmdbkXyc7syVzjPAhfOa9ebsdTSjEBDU4vs5nC98Kfduj1uFo0qyET3g==}
    engines: {node: '>= 0.4'}

  axobject-query@4.1.0:
    resolution: {integrity: sha512-qIj0G9wZbMGNLjLmg1PT6v2mE9AH2zlnADJD/2tC6E00hgmhUOfEB6greHPAfLRSufHqROIUTkw6E+M3lH0PTQ==}
    engines: {node: '>= 0.4'}

  chokidar@4.0.3:
    resolution: {integrity: sha512-Qgzu8kfBvo+cA4962jnP1KkS6Dop5NS6g7R5LFYJr4b8Ub94PPQXUksCw9PvXoeXPRRddRNC5C1JQUR2SMGtnA==}
    engines: {node: '>= 14.16.0'}

  clsx@2.1.1:
    resolution: {integrity: sha512-eYm0QWBtUrBWZWG0d386OGAw16Z995PiOVo2B7bjWSbHedGl5e0ZWaq65kOGgUSNesEIDkB9ISbTg/JK9dhCZA==}
    engines: {node: '>=6'}

  deepmerge@4.3.1:
    resolution: {integrity: sha512-3sUqbMEc77XqpdNO7FRyRog+eW3ph+GYCbj+rK+uYyRMuwsVy0rMiVtPn+QJlKFvWP/1PYpapqYn0Me2knFn+A==}
    engines: {node: '>=0.10.0'}

  detect-libc@2.1.2:
    resolution: {integrity: sha512-Btj2BOOO83o3WyH59e8MgXsxEQVcarkUOpEYrubB0urwnN10yQ364rsiByU11nZlqWYZm05i/of7io4mzihBtQ==}
    engines: {node: '>=8'}

  devalue@5.9.1:
    resolution: {integrity: sha512-+17vil3EVQRzvtDJSFuTWEb8XJRvXqAiV3qZyQWD398QeXUa6CxsUyMdD1fxzEhUrd4FojitFz7lhIHBTlV4fw==}

  esm-env@1.2.2:
    resolution: {integrity: sha512-Epxrv+Nr/CaL4ZcFGPJIYLWFom+YeV1DqMLHJoEd9SYRxNbaFruBwfEX/kkHUJf55j2+TUbmDcmuilbP1TmXHA==}

  esrap@2.3.6:
    resolution: {integrity: sha512-yc0OC12UjPqLoc+fe+v5GNs4TOjAigUw3sTikfC+xeBPGUw7gDRz3DtYaqEhxyMVJojcSWJw7jT0QWR+CbuE/A==}
    peerDependencies:
      '@typescript-eslint/types': ^8.2.0
    peerDependenciesMeta:
      '@typescript-eslint/types':
        optional: true

  fdir@6.5.0:
    resolution: {integrity: sha512-tIbYtZbucOs0BRGqPJkshJUYdL+SDH7dVM8gjy+ERp3WAUjLEFJE+02kanyHtwjWOnwrKYBiwAmM0p4kLJAnXg==}
    engines: {node: '>=12.0.0'}
    peerDependencies:
      picomatch: ^3 || ^4
    peerDependenciesMeta:
      picomatch:
        optional: true

  fsevents@2.3.3:
    resolution: {integrity: sha512-5xoDfX+fL7faATnagmWPpbFtwh/R77WmMMqqHGS65C3vvB0YHrgF+B1YmZ3441tMj5n63k0212XNoJwzlhffQw==}
    engines: {node: ^8.16.0 || ^10.6.0 || >=11.0.0}
    os: [darwin]

  is-reference@3.0.3:
    resolution: {integrity: sha512-ixkJoqQvAP88E6wLydLGGqCJsrFUnqoH6HnaczB8XmDH1oaWU+xxdptvikTgaEhtZ53Ky6YXiBuUI2WXLMCwjw==}

  lightningcss-android-arm64@1.33.0:
    resolution: {integrity: sha512-gEpRTalKdosp4Bb8qWtc2iOgE5SeIHlpS1up9bFq2wAyYhl1UdTObYiHe98zEM9SQvSoqQZ1IQD0JNpg3Ml5pg==}
    engines: {node: '>= 12.0.0'}
    cpu: [arm64]
    os: [android]

  lightningcss-darwin-arm64@1.33.0:
    resolution: {integrity: sha512-Sciaz8eenNTKn9b3t7+xr0ipTp9YxKQY4npwQ3mrRuL0BAVHBLyZxofhaKBAVtzmtRZ/zTyo0/to4B1uWG/Djg==}
    engines: {node: '>= 12.0.0'}
    cpu: [arm64]
    os: [darwin]

  lightningcss-darwin-x64@1.33.0:
    resolution: {integrity: sha512-Z5UPAxzrjlWNNyGy6i65cJzzvgJ5D3T6wMvs+gWpY9d7qRhANrxqAp6LhxIgZhWEw18RfJTGcRxjuLIBr+m8XQ==}
    engines: {node: '>= 12.0.0'}
    cpu: [x64]
    os: [darwin]

  lightningcss-freebsd-x64@1.33.0:
    resolution: {integrity: sha512-QQM/Ti/hQajJwCY+RiWuCZ9sdtI/XQk7nDK5vC8kkdwixezOlDgvDx7+RT+QjK6FcFT4MpsuoBnHIo/O3StRRg==}
    engines: {node: '>= 12.0.0'}
    cpu: [x64]
    os: [freebsd]

  lightningcss-linux-arm-gnueabihf@1.33.0:
    resolution: {integrity: sha512-N7FVBe6iS24MlM6R/4RBTxGhQheZGs7tiQ9U32UtF75NzP5Q7xWPRqLBCKxlRQRk3rY1jCIPLzx7WzOhuUIRLQ==}
    engines: {node: '>= 12.0.0'}
    cpu: [arm]
    os: [linux]

  lightningcss-linux-arm64-gnu@1.33.0:
    resolution: {integrity: sha512-j2v/itmy4HlNxlc6voKXYgBqNi0Ng2LShg4z7GufpEgs05P+2suBVyi9I6YHq5uoVFx9ETin3eCEhLVyXGQnKg==}
    engines: {node: '>= 12.0.0'}
    cpu: [arm64]
    os: [linux]
    libc: [glibc]

  lightningcss-linux-arm64-musl@1.33.0:
    resolution: {integrity: sha512-yiO5ROMuYQgXbC60yjZU5CYSFZGKXL0HFATXt9mHJn1+zW55oCtMI9NfcVhYLMFDL7gV7oBPon/EmMMGg2OvtQ==}
    engines: {node: '>= 12.0.0'}
    cpu: [arm64]
    os: [linux]
    libc: [musl]

  lightningcss-linux-x64-gnu@1.33.0:
    resolution: {integrity: sha512-ar+Ju7LmcN0Jo4FpL4hpFybwNG9/3A/Br5KW2n2jyODg3MEZXaDYADdemoNS+BDNfMgKvylJLj4S5tyRActuAg==}
    engines: {node: '>= 12.0.0'}
    cpu: [x64]
    os: [linux]
    libc: [glibc]

  lightningcss-linux-x64-musl@1.33.0:
    resolution: {integrity: sha512-RYiYbkokw0trfKqqzfF55lginwEPrD3OJDfTuJzFs1MK6iFnDenaz1fqLLtX4ITG3OktJQXOeTaw1awrBAlZPw==}
    engines: {node: '>= 12.0.0'}
    cpu: [x64]
    os: [linux]
    libc: [musl]

  lightningcss-win32-arm64-msvc@1.33.0:
    resolution: {integrity: sha512-1K+MPfLSFVpphzpdbfkhlWk6wBrTObBzS2T6db10PNOZgR9GoVsAWzwNyuhUYYbTp23j+4RrncfujZ4uAzXvwA==}
    engines: {node: '>= 12.0.0'}
    cpu: [arm64]
    os: [win32]

  lightningcss-win32-x64-msvc@1.33.0:
    resolution: {integrity: sha512-OlEICDx/Xl0FqSp4bry8zFnCvGpig3Gl4gCquvYwHuqJKEC1+n9NgDniFvqHGmMv1ZkqDJrDqKKSykTDX+ehuA==}
    engines: {node: '>= 12.0.0'}
    cpu: [x64]
    os: [win32]

  lightningcss@1.33.0:
    resolution: {integrity: sha512-WkUDrojuJs0xkgGf2udWxa3yGBRxPtxUkB79i6aCZLRgc7PM8fZe9TosfPDcvEpQZbuFASnHYmRLBLUbmLOIIA==}
    engines: {node: '>= 12.0.0'}

  linkifyjs@4.3.3:
    resolution: {integrity: sha512-P8aEP5U/D1/IlTY2OeYsErdwh9bGuLE30NcXtKEjgdHcahveQoQwM2yZNsioQHsWFz0P7KKudisbrzCgR0sDHg==}

  locate-character@3.0.0:
    resolution: {integrity: sha512-SW13ws7BjaeJ6p7Q6CO2nchbYEc3X3J6WrmTTDto7yMPqVSZTUyY5Tjbid+Ab8gLnATtygYtiDIJGQRRn2ZOiA==}

  magic-string@0.30.21:
    resolution: {integrity: sha512-vd2F4YUyEXKGcLHoq+TEyCjxueSeHnFxyyjNp80yg0XV4vUhnDer/lvvlqM/arB5bXQN5K2/3oinyCRyx8T2CQ==}

  magic-string@1.2.2:
    resolution: {integrity: sha512-veT/+7iXrXzT39XnEN4lOxtNl72dMgJ8Lp+5Bd6YcMSWpb0n0MjBM8Uuooi6jgJr8dhUW2swQgBmoZVMni5SVg==}

  mri@1.2.0:
    resolution: {integrity: sha512-tzzskb3bG8LvYGFF/mDTpq3jpI6Q9wc3LEmBaghu+DdCssd1FakN7Bc0hVNmEyGq1bq3RgfkCb3cmQLpNPOroA==}
    engines: {node: '>=4'}

  nanoid@3.3.18:
    resolution: {integrity: sha512-DTg4MJbGMWkfi6VZFdNt2/caMbQy4Ou+Op/hJQvGEWcnVfoA1QA+xzRKAzw9jD6+GVOOeYr/mIcuDSdug6F6+w==}
    engines: {node: ^10 || ^12 || ^13.7 || ^14 || >=15.0.1}
    hasBin: true

  obug@2.1.4:
    resolution: {integrity: sha512-4a+OsYv9UktOJKE+l1A4OufDgdRF9PifWj+tJnHURo/P+WOxpG4GzUFL9qCalmWauao6ogiG+QvnCovwPoyAWA==}
    engines: {node: '>=12.20.0'}

  orderedmap@2.1.1:
    resolution: {integrity: sha512-TvAWxi0nDe1j/rtMcWcIj94+Ffe6n7zhow33h40SKxmsmozs6dz/e+EajymfoFcHd7sxNn8yHM8839uixMOV6g==}

  picocolors@1.1.1:
    resolution: {integrity: sha512-xceH2snhtb5M9liqDsmEw56le376mTZkEX/jEb/RxNFyegNul7eNslCXP9FDj/Lcu0X8KEyMceP2ntpaHrDEVA==}

  picomatch@4.0.5:
    resolution: {integrity: sha512-RvwwcruNjI1ncT5xRakeyS9Lf8lcItv34KD+aif+VH9kduAyfYBipGh12274xtenIPZ119/R9BdTBa8gAwSh0A==}
    engines: {node: '>=12'}

  postcss@8.5.26:
    resolution: {integrity: sha512-u82N74LFzG8ca+dD8puPnplTXoGH4fTPpVGuIbt36G3qvNlkvfD0lEAZSxaly3KX8TS/L1A1gsCEmvKmBcVbkQ==}
    engines: {node: ^10 || ^12 || >=14}

  prosemirror-changeset@2.4.2:
    resolution: {integrity: sha512-ViYrjMSg3YFiXwIhKaluu+/mi3Yrxt6AR8ri14ulTaGcZtXO1CThl7A2gv79qx5fQnOw8woKwyBU2u+9PVCm3w==}

  prosemirror-commands@1.7.2:
    resolution: {integrity: sha512-q6Q6szxqdu9Xd6EcdKsqXghu5nQdZTpB4Q9yd04WRc7/jt763e/rT60Owh0L1GYY+T46o5rD+9lEN36dZS43tw==}

  prosemirror-dropcursor@1.8.3:
    resolution: {integrity: sha512-FoYbsJR8gK+DGlqhNoE29Loa38eIZPzQRIb1VMaDNBoo4OLP6vVof/jR8qFY/6XvUd6Dhug8MDCHl2a/h8RTfQ==}

  prosemirror-gapcursor@1.4.1:
    resolution: {integrity: sha512-pMdYaEnjNMSwl11yjEGtgTmLkR08m/Vl+Jj443167p9eB3HVQKhYCc4gmHVDsLPODfZfjr/MmirsdyZziXbQKw==}

  prosemirror-history@1.5.0:
    resolution: {integrity: sha512-zlzTiH01eKA55UAf1MEjtssJeHnGxO0j4K4Dpx+gnmX9n+SHNlDqI2oO1Kv1iPN5B1dm5fsljCfqKF9nFL6HRg==}

  prosemirror-inputrules@1.5.1:
    resolution: {integrity: sha512-7wj4uMjKaXWAQ1CDgxNzNtR9AlsuwzHfdFH1ygEHA2KHF2DOEaXl1CJfNPAKCg9qNEh4rum975QLaCiQPyY6Fw==}

  prosemirror-keymap@1.2.3:
    resolution: {integrity: sha512-4HucRlpiLd1IPQQXNqeo81BGtkY8Ai5smHhKW9jjPKRc2wQIxksg7Hl1tTI2IfT2B/LgX6bfYvXxEpJl7aKYKw==}

  prosemirror-model@1.25.11:
    resolution: {integrity: sha512-QWg9RhnpLlogAmp3p96uEFrE5txQpFynd4vhBAELkwgOCWQs/X0yCzB3/hrHqiPwf91RG5KyWq6553zs9JqIOQ==}

  prosemirror-schema-list@1.5.1:
    resolution: {integrity: sha512-927lFx/uwyQaGwJxLWCZRkjXG0p48KpMj6ueoYiu4JX05GGuGcgzAy62dfiV8eFZftgyBUvLx76RsMe20fJl+Q==}

  prosemirror-state@1.4.4:
    resolution: {integrity: sha512-6jiYHH2CIGbCfnxdHbXZ12gySFY/fz/ulZE333G6bPqIZ4F+TXo9ifiR86nAHpWnfoNjOb3o5ESi7J8Uz1jXHw==}

  prosemirror-tables@1.8.5:
    resolution: {integrity: sha512-V/0cDCsHKHe/tfWkeCmthNUcEp1IVO3p6vwN8XtwE9PZQLAZJigbw3QoraAdfJPir4NKJtNvOB8oYGKRl+t0Dw==}

  prosemirror-transform@1.12.0:
    resolution: {integrity: sha512-GxboyN4AMIsoHNtz5uf2r2Ru551i5hWeCMD6E2Ib4Eogqoub0NflniaBPVQ4MrGE5yZ8JV9tUHg9qcZTTrcN4w==}

  prosemirror-view@1.42.2:
    resolution: {integrity: sha512-Pdg0l5kXm8aLDquFAnQFTCITg0q44sLqBlHlpsVLD9segdOao8TOfQdAhCrCXyVgPSRr6UDDROOIWA3bIrN9YQ==}

  readdirp@4.1.2:
    resolution: {integrity: sha512-GDhwkLfywWL2s6vEjyhri+eXmfH6j1L7JE27WhqLeYzoh/A3DBaYGEj2H/HFZCn/kMfim73FXxEJTw06WtxQwg==}
    engines: {node: '>= 14.18.0'}

  rolldown@1.2.5:
    resolution: {integrity: sha512-VD2IE5PUG4Oj8zz2VGykiYd5wbnjdIiSsNQb8Qu5B+noEp+A78mu2iVvpp27g8es14Tk9rofNs5Tku9iQCS4fA==}
    engines: {node: ^20.19.0 || >=22.12.0}
    hasBin: true

  rope-sequence@1.3.4:
    resolution: {integrity: sha512-UT5EDe2cu2E/6O4igUr5PSFs23nvvukicWHx6GnOPlHAiiYbzNuCRQCuiUdHJQcqKalLKlrYJnjY0ySGsXNQXQ==}

  sade@1.8.1:
    resolution: {integrity: sha512-xal3CZX1Xlo/k4ApwCFrHVACi9fBqJ7V+mwhBsuf/1IOKbBy098Fex+Wa/5QMubw09pSZ/u8EY8PWgevJsXp1A==}
    engines: {node: '>=6'}

  source-map-js@1.2.1:
    resolution: {integrity: sha512-UXWMKhLOwVKb728IUtQPXxfYU+usdybtUrK/8uGE8CQMvrhOpwvzDBwj0QhSL7MQc7vIsISBG8VQ8+IDQxpfQA==}
    engines: {node: '>=0.10.0'}

  svelte-check@4.7.6:
    resolution: {integrity: sha512-t2scM//ZuVbSY/T2w6FSBw1v9s2NEmh/g+sy1lqtosW5ylBV5AF4wFb1Ts9Kf3MbfPDUDJDZ9L436YT0SPTdvw==}
    engines: {node: '>= 18.0.0'}
    hasBin: true
    peerDependencies:
      svelte: ^4.0.0 || ^5.0.0-next.0
      typescript: ^5.0.0 || ^6.0.0

  svelte@5.56.10:
    resolution: {integrity: sha512-Lcxbj8I/KAbpY+VjtY4ENQBV0dDCipfGAhqb51XQZ67CIQqXgsv/8dPkbILaj4Fb6/b6JAEM/PIVbILXgDQy2g==}
    engines: {node: '>=18'}

  tinyglobby@0.2.17:
    resolution: {integrity: sha512-wXR/dYpcqKmfWpEdZjiKJOwCNFndD0DMnrW/cYjVGttEkBfVgcLFHoNrlj47mjOVic9yyNu65alsgF4NQyTa2g==}
    engines: {node: '>=12.0.0'}

  tslib@2.8.1:
    resolution: {integrity: sha512-oJFu94HQb+KVduSUQL7wnpmqnfmLsOA/nAh6b6EH0wCEoK0/mPeXU6c3wKDV83MkOuHPRHtSXKKU99IBazS/2w==}

  typescript@6.0.3:
    resolution: {integrity: sha512-y2TvuxSZPDyQakkFRPZHKFm+KKVqIisdg9/CZwm9ftvKXLP8NRWj38/ODjNbr43SsoXqNuAisEf1GdCxqWcdBw==}
    engines: {node: '>=14.17'}
    hasBin: true

  undici-types@7.18.2:
    resolution: {integrity: sha512-AsuCzffGHJybSaRrmr5eHr81mwJU3kjw6M+uprWvCXiNeN9SOGwQ3Jn8jb8m3Z6izVgknn1R0FTCEAP2QrLY/w==}

  vite@8.2.2:
    resolution: {integrity: sha512-cFKLV/PRgAUlIRm5WjMjJ86jrftzpqcgH+Us+DS8mI3CDNiH30Whrz8uHL3+MOLPAgqbMBAqWdAHAphOAM+z/Q==}
    engines: {node: ^20.19.0 || >=22.12.0}
    hasBin: true
    peerDependencies:
      '@types/node': ^20.19.0 || >=22.12.0
      '@vitejs/devtools': ^0.4.0 || ^0.5.0
      esbuild: ^0.27.0 || ^0.28.0
      jiti: '>=1.21.0'
      less: ^4.0.0
      sass: ^1.70.0
      sass-embedded: ^1.70.0
      stylus: '>=0.54.8'
      sugarss: ^5.0.0
      terser: ^5.16.0
      tsx: ^4.8.1
      yaml: ^2.4.2
    peerDependenciesMeta:
      '@types/node':
        optional: true
      '@vitejs/devtools':
        optional: true
      esbuild:
        optional: true
      jiti:
        optional: true
      less:
        optional: true
      sass:
        optional: true
      sass-embedded:
        optional: true
      stylus:
        optional: true
      sugarss:
        optional: true
      terser:
        optional: true
      tsx:
        optional: true
      yaml:
        optional: true

  vitefu@1.1.3:
    resolution: {integrity: sha512-ub4okH7Z5KLjb6hDyjqrGXqWtWvoYdU3IGm/NorpgHncKoLTCfRIbvlhBm7r0YstIaQRYlp4yEbFqDcKSzXSSg==}
    peerDependencies:
      vite: ^3.0.0 || ^4.0.0 || ^5.0.0 || ^6.0.0 || ^7.0.0 || ^8.0.0
    peerDependenciesMeta:
      vite:
        optional: true

  w3c-keyname@2.2.8:
    resolution: {integrity: sha512-dpojBhNsCNN7T82Tm7k26A6G9ML3NkhDsnw9n/eoxSRlVBB4CEtIQ/KTCLI2Fwf3ataSXRhYFkQi3SlnFwPvPQ==}

  zimmerframe@1.1.4:
    resolution: {integrity: sha512-B58NGBEoc8Y9MWWCQGl/gq9xBCe4IiKM0a2x7GZdQKOW5Exr8S1W24J6OgM1njK8xCRGvAJIL/MxXHf6SkmQKQ==}

snapshots:

  '@floating-ui/core@1.8.0':
    dependencies:
      '@floating-ui/utils': 0.2.12

  '@floating-ui/dom@1.8.0':
    dependencies:
      '@floating-ui/core': 1.8.0
      '@floating-ui/utils': 0.2.12

  '@floating-ui/utils@0.2.12': {}

  '@jridgewell/gen-mapping@0.3.13':
    dependencies:
      '@jridgewell/sourcemap-codec': 1.5.5
      '@jridgewell/trace-mapping': 0.3.31

  '@jridgewell/remapping@2.3.5':
    dependencies:
      '@jridgewell/gen-mapping': 0.3.13
      '@jridgewell/trace-mapping': 0.3.31

  '@jridgewell/resolve-uri@3.1.2': {}

  '@jridgewell/sourcemap-codec@1.5.5': {}

  '@jridgewell/trace-mapping@0.3.31':
    dependencies:
      '@jridgewell/resolve-uri': 3.1.2
      '@jridgewell/sourcemap-codec': 1.5.5

  '@oxc-project/types@0.146.0': {}

  '@rolldown/binding-android-arm-eabi@1.2.5':
    optional: true

  '@rolldown/binding-android-arm64@1.2.5':
    optional: true

  '@rolldown/binding-darwin-arm64@1.2.5':
    optional: true

  '@rolldown/binding-darwin-x64@1.2.5':
    optional: true

  '@rolldown/binding-freebsd-x64@1.2.5':
    optional: true

  '@rolldown/binding-linux-arm-gnueabihf@1.2.5':
    optional: true

  '@rolldown/binding-linux-arm64-gnu@1.2.5':
    optional: true

  '@rolldown/binding-linux-arm64-musl@1.2.5':
    optional: true

  '@rolldown/binding-linux-ppc64-gnu@1.2.5':
    optional: true

  '@rolldown/binding-linux-s390x-gnu@1.2.5':
    optional: true

  '@rolldown/binding-linux-x64-gnu@1.2.5':
    optional: true

  '@rolldown/binding-linux-x64-musl@1.2.5':
    optional: true

  '@rolldown/binding-openharmony-arm64@1.2.5':
    optional: true

  '@rolldown/binding-win32-arm64-msvc@1.2.5':
    optional: true

  '@rolldown/binding-win32-x64-msvc@1.2.5':
    optional: true

  '@rolldown/pluginutils@1.0.1': {}

  '@sveltejs/acorn-typescript@1.0.13(acorn@8.18.0)':
    dependencies:
      acorn: 8.18.0

  '@sveltejs/load-config@0.2.3': {}

  '@sveltejs/vite-plugin-svelte@7.3.0(svelte@5.56.10)(vite@8.2.2(@types/node@24.13.3))':
    dependencies:
      deepmerge: 4.3.1
      magic-string: 1.2.2
      obug: 2.1.4
      svelte: 5.56.10
      vite: 8.2.2(@types/node@24.13.3)
      vitefu: 1.1.3(vite@8.2.2(@types/node@24.13.3))

  '@tiptap/core@3.30.2(@tiptap/pm@3.30.2)':
    dependencies:
      '@tiptap/pm': 3.30.2

  '@tiptap/extension-blockquote@3.30.2(@tiptap/core@3.30.2(@tiptap/pm@3.30.2))(@tiptap/pm@3.30.2)':
    dependencies:
      '@tiptap/core': 3.30.2(@tiptap/pm@3.30.2)
      '@tiptap/pm': 3.30.2

  '@tiptap/extension-bold@3.30.2(@tiptap/core@3.30.2(@tiptap/pm@3.30.2))':
    dependencies:
      '@tiptap/core': 3.30.2(@tiptap/pm@3.30.2)

  '@tiptap/extension-bullet-list@3.30.2(@tiptap/extension-list@3.30.2(@tiptap/core@3.30.2(@tiptap/pm@3.30.2))(@tiptap/pm@3.30.2))':
    dependencies:
      '@tiptap/extension-list': 3.30.2(@tiptap/core@3.30.2(@tiptap/pm@3.30.2))(@tiptap/pm@3.30.2)

  '@tiptap/extension-code-block@3.30.2(@tiptap/core@3.30.2(@tiptap/pm@3.30.2))(@tiptap/pm@3.30.2)':
    dependencies:
      '@tiptap/core': 3.30.2(@tiptap/pm@3.30.2)
      '@tiptap/pm': 3.30.2

  '@tiptap/extension-code@3.30.2(@tiptap/core@3.30.2(@tiptap/pm@3.30.2))':
    dependencies:
      '@tiptap/core': 3.30.2(@tiptap/pm@3.30.2)

  '@tiptap/extension-document@3.30.2(@tiptap/core@3.30.2(@tiptap/pm@3.30.2))':
    dependencies:
      '@tiptap/core': 3.30.2(@tiptap/pm@3.30.2)

  '@tiptap/extension-dropcursor@3.30.2(@tiptap/extensions@3.30.2(@tiptap/core@3.30.2(@tiptap/pm@3.30.2))(@tiptap/pm@3.30.2))':
    dependencies:
      '@tiptap/extensions': 3.30.2(@tiptap/core@3.30.2(@tiptap/pm@3.30.2))(@tiptap/pm@3.30.2)

  '@tiptap/extension-gapcursor@3.30.2(@tiptap/extensions@3.30.2(@tiptap/core@3.30.2(@tiptap/pm@3.30.2))(@tiptap/pm@3.30.2))':
    dependencies:
      '@tiptap/extensions': 3.30.2(@tiptap/core@3.30.2(@tiptap/pm@3.30.2))(@tiptap/pm@3.30.2)

  '@tiptap/extension-hard-break@3.30.2(@tiptap/core@3.30.2(@tiptap/pm@3.30.2))':
    dependencies:
      '@tiptap/core': 3.30.2(@tiptap/pm@3.30.2)

  '@tiptap/extension-heading@3.30.2(@tiptap/core@3.30.2(@tiptap/pm@3.30.2))':
    dependencies:
      '@tiptap/core': 3.30.2(@tiptap/pm@3.30.2)

  '@tiptap/extension-horizontal-rule@3.30.2(@tiptap/core@3.30.2(@tiptap/pm@3.30.2))(@tiptap/pm@3.30.2)':
    dependencies:
      '@tiptap/core': 3.30.2(@tiptap/pm@3.30.2)
      '@tiptap/pm': 3.30.2

  '@tiptap/extension-italic@3.30.2(@tiptap/core@3.30.2(@tiptap/pm@3.30.2))':
    dependencies:
      '@tiptap/core': 3.30.2(@tiptap/pm@3.30.2)

  '@tiptap/extension-link@3.30.2(@tiptap/core@3.30.2(@tiptap/pm@3.30.2))(@tiptap/pm@3.30.2)':
    dependencies:
      '@tiptap/core': 3.30.2(@tiptap/pm@3.30.2)
      '@tiptap/pm': 3.30.2
      linkifyjs: 4.3.3

  '@tiptap/extension-list-item@3.30.2(@tiptap/extension-list@3.30.2(@tiptap/core@3.30.2(@tiptap/pm@3.30.2))(@tiptap/pm@3.30.2))':
    dependencies:
      '@tiptap/extension-list': 3.30.2(@tiptap/core@3.30.2(@tiptap/pm@3.30.2))(@tiptap/pm@3.30.2)

  '@tiptap/extension-list-keymap@3.30.2(@tiptap/extension-list@3.30.2(@tiptap/core@3.30.2(@tiptap/pm@3.30.2))(@tiptap/pm@3.30.2))':
    dependencies:
      '@tiptap/extension-list': 3.30.2(@tiptap/core@3.30.2(@tiptap/pm@3.30.2))(@tiptap/pm@3.30.2)

  '@tiptap/extension-list@3.30.2(@tiptap/core@3.30.2(@tiptap/pm@3.30.2))(@tiptap/pm@3.30.2)':
    dependencies:
      '@tiptap/core': 3.30.2(@tiptap/pm@3.30.2)
      '@tiptap/pm': 3.30.2

  '@tiptap/extension-ordered-list@3.30.2(@tiptap/extension-list@3.30.2(@tiptap/core@3.30.2(@tiptap/pm@3.30.2))(@tiptap/pm@3.30.2))':
    dependencies:
      '@tiptap/extension-list': 3.30.2(@tiptap/core@3.30.2(@tiptap/pm@3.30.2))(@tiptap/pm@3.30.2)

  '@tiptap/extension-paragraph@3.30.2(@tiptap/core@3.30.2(@tiptap/pm@3.30.2))':
    dependencies:
      '@tiptap/core': 3.30.2(@tiptap/pm@3.30.2)

  '@tiptap/extension-strike@3.30.2(@tiptap/core@3.30.2(@tiptap/pm@3.30.2))':
    dependencies:
      '@tiptap/core': 3.30.2(@tiptap/pm@3.30.2)

  '@tiptap/extension-text@3.30.2(@tiptap/core@3.30.2(@tiptap/pm@3.30.2))':
    dependencies:
      '@tiptap/core': 3.30.2(@tiptap/pm@3.30.2)

  '@tiptap/extension-underline@3.30.2(@tiptap/core@3.30.2(@tiptap/pm@3.30.2))':
    dependencies:
      '@tiptap/core': 3.30.2(@tiptap/pm@3.30.2)

  '@tiptap/extensions@3.30.2(@tiptap/core@3.30.2(@tiptap/pm@3.30.2))(@tiptap/pm@3.30.2)':
    dependencies:
      '@tiptap/core': 3.30.2(@tiptap/pm@3.30.2)
      '@tiptap/pm': 3.30.2

  '@tiptap/pm@3.30.2':
    dependencies:
      prosemirror-changeset: 2.4.2
      prosemirror-commands: 1.7.2
      prosemirror-dropcursor: 1.8.3
      prosemirror-gapcursor: 1.4.1
      prosemirror-history: 1.5.0
      prosemirror-inputrules: 1.5.1
      prosemirror-keymap: 1.2.3
      prosemirror-model: 1.25.11
      prosemirror-schema-list: 1.5.1
      prosemirror-state: 1.4.4
      prosemirror-tables: 1.8.5
      prosemirror-transform: 1.12.0
      prosemirror-view: 1.42.2

  '@tiptap/starter-kit@3.30.2':
    dependencies:
      '@tiptap/core': 3.30.2(@tiptap/pm@3.30.2)
      '@tiptap/extension-blockquote': 3.30.2(@tiptap/core@3.30.2(@tiptap/pm@3.30.2))(@tiptap/pm@3.30.2)
      '@tiptap/extension-bold': 3.30.2(@tiptap/core@3.30.2(@tiptap/pm@3.30.2))
      '@tiptap/extension-bullet-list': 3.30.2(@tiptap/extension-list@3.30.2(@tiptap/core@3.30.2(@tiptap/pm@3.30.2))(@tiptap/pm@3.30.2))
      '@tiptap/extension-code': 3.30.2(@tiptap/core@3.30.2(@tiptap/pm@3.30.2))
      '@tiptap/extension-code-block': 3.30.2(@tiptap/core@3.30.2(@tiptap/pm@3.30.2))(@tiptap/pm@3.30.2)
      '@tiptap/extension-document': 3.30.2(@tiptap/core@3.30.2(@tiptap/pm@3.30.2))
      '@tiptap/extension-dropcursor': 3.30.2(@tiptap/extensions@3.30.2(@tiptap/core@3.30.2(@tiptap/pm@3.30.2))(@tiptap/pm@3.30.2))
      '@tiptap/extension-gapcursor': 3.30.2(@tiptap/extensions@3.30.2(@tiptap/core@3.30.2(@tiptap/pm@3.30.2))(@tiptap/pm@3.30.2))
      '@tiptap/extension-hard-break': 3.30.2(@tiptap/core@3.30.2(@tiptap/pm@3.30.2))
      '@tiptap/extension-heading': 3.30.2(@tiptap/core@3.30.2(@tiptap/pm@3.30.2))
      '@tiptap/extension-horizontal-rule': 3.30.2(@tiptap/core@3.30.2(@tiptap/pm@3.30.2))(@tiptap/pm@3.30.2)
      '@tiptap/extension-italic': 3.30.2(@tiptap/core@3.30.2(@tiptap/pm@3.30.2))
      '@tiptap/extension-link': 3.30.2(@tiptap/core@3.30.2(@tiptap/pm@3.30.2))(@tiptap/pm@3.30.2)
      '@tiptap/extension-list': 3.30.2(@tiptap/core@3.30.2(@tiptap/pm@3.30.2))(@tiptap/pm@3.30.2)
      '@tiptap/extension-list-item': 3.30.2(@tiptap/extension-list@3.30.2(@tiptap/core@3.30.2(@tiptap/pm@3.30.2))(@tiptap/pm@3.30.2))
      '@tiptap/extension-list-keymap': 3.30.2(@tiptap/extension-list@3.30.2(@tiptap/core@3.30.2(@tiptap/pm@3.30.2))(@tiptap/pm@3.30.2))
      '@tiptap/extension-ordered-list': 3.30.2(@tiptap/extension-list@3.30.2(@tiptap/core@3.30.2(@tiptap/pm@3.30.2))(@tiptap/pm@3.30.2))
      '@tiptap/extension-paragraph': 3.30.2(@tiptap/core@3.30.2(@tiptap/pm@3.30.2))
      '@tiptap/extension-strike': 3.30.2(@tiptap/core@3.30.2(@tiptap/pm@3.30.2))
      '@tiptap/extension-text': 3.30.2(@tiptap/core@3.30.2(@tiptap/pm@3.30.2))
      '@tiptap/extension-underline': 3.30.2(@tiptap/core@3.30.2(@tiptap/pm@3.30.2))
      '@tiptap/extensions': 3.30.2(@tiptap/core@3.30.2(@tiptap/pm@3.30.2))(@tiptap/pm@3.30.2)
      '@tiptap/pm': 3.30.2

  '@tiptap/suggestion@3.30.2(@floating-ui/dom@1.8.0)(@tiptap/core@3.30.2(@tiptap/pm@3.30.2))(@tiptap/pm@3.30.2)':
    dependencies:
      '@floating-ui/dom': 1.8.0
      '@tiptap/core': 3.30.2(@tiptap/pm@3.30.2)
      '@tiptap/pm': 3.30.2

  '@tsconfig/svelte@5.0.8': {}

  '@types/estree@1.0.9': {}

  '@types/node@24.13.3':
    dependencies:
      undici-types: 7.18.2

  '@types/trusted-types@2.0.7': {}

  '@wailsio/runtime@3.0.0-beta.9': {}

  acorn@8.18.0: {}

  aria-query@5.3.1: {}

  axobject-query@4.1.0: {}

  chokidar@4.0.3:
    dependencies:
      readdirp: 4.1.2

  clsx@2.1.1: {}

  deepmerge@4.3.1: {}

  detect-libc@2.1.2: {}

  devalue@5.9.1: {}

  esm-env@1.2.2: {}

  esrap@2.3.6:
    dependencies:
      '@jridgewell/sourcemap-codec': 1.5.5

  fdir@6.5.0(picomatch@4.0.5):
    optionalDependencies:
      picomatch: 4.0.5

  fsevents@2.3.3:
    optional: true

  is-reference@3.0.3:
    dependencies:
      '@types/estree': 1.0.9

  lightningcss-android-arm64@1.33.0:
    optional: true

  lightningcss-darwin-arm64@1.33.0:
    optional: true

  lightningcss-darwin-x64@1.33.0:
    optional: true

  lightningcss-freebsd-x64@1.33.0:
    optional: true

  lightningcss-linux-arm-gnueabihf@1.33.0:
    optional: true

  lightningcss-linux-arm64-gnu@1.33.0:
    optional: true

  lightningcss-linux-arm64-musl@1.33.0:
    optional: true

  lightningcss-linux-x64-gnu@1.33.0:
    optional: true

  lightningcss-linux-x64-musl@1.33.0:
    optional: true

  lightningcss-win32-arm64-msvc@1.33.0:
    optional: true

  lightningcss-win32-x64-msvc@1.33.0:
    optional: true

  lightningcss@1.33.0:
    dependencies:
      detect-libc: 2.1.2
    optionalDependencies:
      lightningcss-android-arm64: 1.33.0
      lightningcss-darwin-arm64: 1.33.0
      lightningcss-darwin-x64: 1.33.0
      lightningcss-freebsd-x64: 1.33.0
      lightningcss-linux-arm-gnueabihf: 1.33.0
      lightningcss-linux-arm64-gnu: 1.33.0
      lightningcss-linux-arm64-musl: 1.33.0
      lightningcss-linux-x64-gnu: 1.33.0
      lightningcss-linux-x64-musl: 1.33.0
      lightningcss-win32-arm64-msvc: 1.33.0
      lightningcss-win32-x64-msvc: 1.33.0

  linkifyjs@4.3.3: {}

  locate-character@3.0.0: {}

  magic-string@0.30.21:
    dependencies:
      '@jridgewell/sourcemap-codec': 1.5.5

  magic-string@1.2.2:
    dependencies:
      '@jridgewell/sourcemap-codec': 1.5.5

  mri@1.2.0: {}

  nanoid@3.3.18: {}

  obug@2.1.4: {}

  orderedmap@2.1.1: {}

  picocolors@1.1.1: {}

  picomatch@4.0.5: {}

  postcss@8.5.26:
    dependencies:
      nanoid: 3.3.18
      picocolors: 1.1.1
      source-map-js: 1.2.1

  prosemirror-changeset@2.4.2:
    dependencies:
      prosemirror-transform: 1.12.0

  prosemirror-commands@1.7.2:
    dependencies:
      prosemirror-model: 1.25.11
      prosemirror-state: 1.4.4
      prosemirror-transform: 1.12.0

  prosemirror-dropcursor@1.8.3:
    dependencies:
      prosemirror-state: 1.4.4
      prosemirror-transform: 1.12.0
      prosemirror-view: 1.42.2

  prosemirror-gapcursor@1.4.1:
    dependencies:
      prosemirror-keymap: 1.2.3
      prosemirror-model: 1.25.11
      prosemirror-state: 1.4.4
      prosemirror-view: 1.42.2

  prosemirror-history@1.5.0:
    dependencies:
      prosemirror-state: 1.4.4
      prosemirror-transform: 1.12.0
      prosemirror-view: 1.42.2
      rope-sequence: 1.3.4

  prosemirror-inputrules@1.5.1:
    dependencies:
      prosemirror-state: 1.4.4
      prosemirror-transform: 1.12.0

  prosemirror-keymap@1.2.3:
    dependencies:
      prosemirror-state: 1.4.4
      w3c-keyname: 2.2.8

  prosemirror-model@1.25.11:
    dependencies:
      orderedmap: 2.1.1

  prosemirror-schema-list@1.5.1:
    dependencies:
      prosemirror-model: 1.25.11
      prosemirror-state: 1.4.4
      prosemirror-transform: 1.12.0

  prosemirror-state@1.4.4:
    dependencies:
      prosemirror-model: 1.25.11
      prosemirror-transform: 1.12.0
      prosemirror-view: 1.42.2

  prosemirror-tables@1.8.5:
    dependencies:
      prosemirror-keymap: 1.2.3
      prosemirror-model: 1.25.11
      prosemirror-state: 1.4.4
      prosemirror-transform: 1.12.0
      prosemirror-view: 1.42.2

  prosemirror-transform@1.12.0:
    dependencies:
      prosemirror-model: 1.25.11

  prosemirror-view@1.42.2:
    dependencies:
      prosemirror-model: 1.25.11
      prosemirror-state: 1.4.4
      prosemirror-transform: 1.12.0

  readdirp@4.1.2: {}

  rolldown@1.2.5:
    dependencies:
      '@oxc-project/types': 0.146.0
      '@rolldown/pluginutils': 1.0.1
    optionalDependencies:
      '@rolldown/binding-android-arm-eabi': 1.2.5
      '@rolldown/binding-android-arm64': 1.2.5
      '@rolldown/binding-darwin-arm64': 1.2.5
      '@rolldown/binding-darwin-x64': 1.2.5
      '@rolldown/binding-freebsd-x64': 1.2.5
      '@rolldown/binding-linux-arm-gnueabihf': 1.2.5
      '@rolldown/binding-linux-arm64-gnu': 1.2.5
      '@rolldown/binding-linux-arm64-musl': 1.2.5
      '@rolldown/binding-linux-ppc64-gnu': 1.2.5
      '@rolldown/binding-linux-s390x-gnu': 1.2.5
      '@rolldown/binding-linux-x64-gnu': 1.2.5
      '@rolldown/binding-linux-x64-musl': 1.2.5
      '@rolldown/binding-openharmony-arm64': 1.2.5
      '@rolldown/binding-win32-arm64-msvc': 1.2.5
      '@rolldown/binding-win32-x64-msvc': 1.2.5

  rope-sequence@1.3.4: {}

  sade@1.8.1:
    dependencies:
      mri: 1.2.0

  source-map-js@1.2.1: {}

  svelte-check@4.7.6(picomatch@4.0.5)(svelte@5.56.10)(typescript@6.0.3):
    dependencies:
      '@jridgewell/trace-mapping': 0.3.31
      '@sveltejs/load-config': 0.2.3
      chokidar: 4.0.3
      fdir: 6.5.0(picomatch@4.0.5)
      picocolors: 1.1.1
      sade: 1.8.1
      svelte: 5.56.10
      typescript: 6.0.3
    transitivePeerDependencies:
      - picomatch

  svelte@5.56.10:
    dependencies:
      '@jridgewell/remapping': 2.3.5
      '@jridgewell/sourcemap-codec': 1.5.5
      '@sveltejs/acorn-typescript': 1.0.13(acorn@8.18.0)
      '@types/estree': 1.0.9
      '@types/trusted-types': 2.0.7
      acorn: 8.18.0
      aria-query: 5.3.1
      axobject-query: 4.1.0
      clsx: 2.1.1
      devalue: 5.9.1
      esm-env: 1.2.2
      esrap: 2.3.6
      is-reference: 3.0.3
      locate-character: 3.0.0
      magic-string: 0.30.21
      zimmerframe: 1.1.4
    transitivePeerDependencies:
      - '@typescript-eslint/types'

  tinyglobby@0.2.17:
    dependencies:
      fdir: 6.5.0(picomatch@4.0.5)
      picomatch: 4.0.5

  tslib@2.8.1: {}

  typescript@6.0.3: {}

  undici-types@7.18.2: {}

  vite@8.2.2(@types/node@24.13.3):
    dependencies:
      lightningcss: 1.33.0
      picomatch: 4.0.5
      postcss: 8.5.26
      rolldown: 1.2.5
      tinyglobby: 0.2.17
    optionalDependencies:
      '@types/node': 24.13.3
      fsevents: 2.3.3

  vitefu@1.1.3(vite@8.2.2(@types/node@24.13.3)):
    optionalDependencies:
      vite: 8.2.2(@types/node@24.13.3)

  w3c-keyname@2.2.8: {}

  zimmerframe@1.1.4: {}
